
Microsoft Visual Studio Solution File, Format Version 12.00
# Visual Studio Version 17
VisualStudioVersion = 17.7.34031.279
MinimumVisualStudioVersion = 10.0.40219.1
Project("{FAE04EC0-301F-11D3-BF4B-00C04F79EFBC}") = "ExercEscreveCSVConsole", "ExercEscreveCSVConsole\ExercEscreveCSVConsole.csproj", "{BCC5C98A-282A-4B84-9F0F-283E183AD30D}"
EndProject
Global
	GlobalSection(SolutionConfigurationPlatforms) = preSolution
		Debug|Any CPU = Debug|Any CPU
		Release|Any CPU = Release|Any CPU
	EndGlobalSection
	GlobalSection(ProjectConfigurationPlatforms) = postSolution
		{BCC5C98A-282A-4B84-9F0F-283E183AD30D}.Debug|Any CPU.ActiveCfg = Debug|Any CPU
		{BCC5C98A-282A-4B84-9F0F-283E183AD30D}.Debug|Any CPU.Build.0 = Debug|Any CPU
		{BCC5C98A-282A-4B84-9F0F-283E183AD30D}.Release|Any CPU.ActiveCfg = Release|Any CPU
		{BCC5C98A-282A-4B84-9F0F-283E183AD30D}.Release|Any CPU.Build.0 = Release|Any CPU
	EndGlobalSection
	GlobalSection(SolutionProperties) = preSolution
		HideSolutionNode = FALSE
	EndGlobalSection
	GlobalSection(ExtensibilityGlobals) = postSolution
		SolutionGuid = {DFE878A7-56AF-4B4C-A8A4-2856590C6010}
	EndGlobalSection
EndGlobal
